// !$*UTF8*$!
{
	archiveVersion = 1;
	classes = {
	};
	objectVersion = 46;
	objects = {

/* Begin PBXBuildFile section */
		420C51281F601CB2007F4989 /* AppDelegate.swift in Sources */ = {isa = PBXBuildFile; fileRef = 420C51271F601CB2007F4989 /* AppDelegate.swift */; };
		420C512A1F601CB2007F4989 /* ViewController.swift in Sources */ = {isa = PBXBuildFile; fileRef = 420C51291F601CB2007F4989 /* ViewController.swift */; };
		420C512D1F601CB2007F4989 /* Main.storyboard in Resources */ = {isa = PBXBuildFile; fileRef = 420C512B1F601CB2007F4989 /* Main.storyboard */; };
		420C51301F601CB2007F4989 /* KEEP.xcdatamodeld in Sources */ = {isa = PBXBuildFile; fileRef = 420C512E1F601CB2007F4989 /* KEEP.xcdatamodeld */; };
		420C51321F601CB2007F4989 /* Assets.xcassets in Resources */ = {isa = PBXBuildFile; fileRef = 420C51311F601CB2007F4989 /* Assets.xcassets */; };
		420C51351F601CB2007F4989 /* LaunchScreen.storyboard in Resources */ = {isa = PBXBuildFile; fileRef = 420C51331F601CB2007F4989 /* LaunchScreen.storyboard */; };
/* End PBXBuildFile section */

/* Begin PBXFileReference section */
		420C51241F601CB2007F4989 /* KEEP.app */ = {isa = PBXFileReference; explicitFileType = wrapper.application; includeInIndex = 0; path = KEEP.app; sourceTree = BUILT_PRODUCTS_DIR; };
		420C51271F601CB2007F4989 /* AppDelegate.swift */ = {isa = PBXFileReference; lastKnownFileType = sourcecode.swift; path = AppDelegate.swift; sourceTree = "<group>"; };
		420C51291F601CB2007F4989 /* ViewController.swift */ = {isa = PBXFileReference; lastKnownFileType = sourcecode.swift; path = ViewController.swift; sourceTree = "<group>"; };
		420C512C1F601CB2007F4989 /* Base */ = {isa = PBXFileReference; lastKnownFileType = file.storyboard; name = Base; path = Base.lproj/Main.storyboard; sourceTree = "<group>"; };
		420C512F1F601CB2007F4989 /* KEEP.xcdatamodel */ = {isa = PBXFileReference; lastKnownFileType = wrapper.xcdatamodel; path = KEEP.xcdatamodel; sourceTree = "<group>"; };
		420C51311F601CB2007F4989 /* Assets.xcassets */ = {isa = PBXFileReference; lastKnownFileType = folder.assetcatalog; path = Assets.xcassets; sourceTree = "<group>"; };
		420C51341F601CB2007F4989 /* Base */ = {isa = PBXFileReference; lastKnownFileType = file.storyboard; name = Base; path = Base.lproj/LaunchScreen.storyboard; sourceTree = "<group>"; };
		420C51361F601CB2007F4989 /* Info.plist */ = {isa = PBXFileReference; lastKnownFileType = text.plist.xml; path = Info.plist; sourceTree = "<group>"; };
/* End PBXFileReference section */

/* Begin PBXFrameworksBuildPhase section */
		420C51211F601CB2007F4989 /* Frameworks */ = {
			isa = PBXFrameworksBuildPhase;
			buildActionMask = 2147483647;
			files = (
			);
			runOnlyForDeploymentPostprocessing = 0;
		};
/* End PBXFrameworksBuildPhase section */

/* Begin PBXGroup section */
		420C511B1F601CB2007F4989 = {
			isa = PBXGroup;
			children = (
				420C51261F601CB2007F4989 /* KEEP */,
				420C51251F601CB2007F4989 /* Products */,
			);
			sourceTree = "<group>";
		};
		420C51251F601CB2007F4989 /* Products */ = {
			isa = PBXGroup;
			children = (
				420C51241F601CB2007F4989 /* KEEP.app */,
			);
			name = Products;
			sourceTree = "<group>";
		};
		420C51261F601CB2007F4989 /* KEEP */ = {
			isa = PBXGroup;
			children = (
				420C51271F601CB2007F4989 /* AppDelegate.swift */,
				420C51291F601CB2007F4989 /* ViewController.swift */,
				420C512B1F601CB2007F4989 /* Main.storyboard */,
				420C51311F601CB2007F4989 /* Assets.xcassets */,
				420C51331F601CB2007F4989 /* LaunchScreen.storyboard */,
				420C51361F601CB2007F4989 /* Info.plist */,
				420C512E1F601CB2007F4989 /* KEEP.xcdatamodeld */,
			);
			path = KEEP;
			sourceTree = "<group>";
		};
/* End PBXGroup section */

/* Begin PBXNativeTarget section */
		420C51231F601CB2007F4989 /* KEEP */ = {
			isa = PBXNativeTarget;
			buildConfigurationList = 420C51391F601CB2007F4989 /* Build configuration list for PBXNativeTarget "KEEP" */;
			buildPhases = (
				420C51201F601CB2007F4989 /* Sources */,
				420C51211F601CB2007F4989 /* Frameworks */,
				420C51221F601CB2007F4989 /* Resources */,
			);
			buildRules = (
			);
			dependencies = (
			);
			name = KEEP;
			productName = KEEP;
			productReference = 420C51241F601CB2007F4989 /* KEEP.app */;
			productType = "com.apple.product-type.application";
		};
/* End PBXNativeTarget section */

/* Begin PBXProject section */
		420C511C1F601CB2007F4989 /* Project object */ = {
			isa = PBXProject;
			attributes = {
				LastSwiftUpdateCheck = 0830;
				LastUpgradeCheck = 0830;
				ORGANIZATIONNAME = "Dongheon Ryu";
				TargetAttributes = {
					420C51231F601CB2007F4989 = {
						CreatedOnToolsVersion = 8.3.3;
						DevelopmentTeam = TPS4P9TJH7;
						ProvisioningStyle = Automatic;
					};
				};
			};
			buildConfigurationList = 420C511F1F601CB2007F4989 /* Build configuration list for PBXProject "KEEP" */;
			compatibilityVersion = "Xcode 3.2";
			developmentRegion = English;
			hasScannedForEncodings = 0;
			knownRegions = (
				en,
				Base,
			);
			mainGroup = 420C511B1F601CB2007F4989;
			productRefGroup = 420C51251F601CB2007F4989 /* Products */;
			projectDirPath = "";
			projectRoot = "";
			targets = (
				420C51231F601CB2007F4989 /* KEEP */,
			);
		};
/* End PBXProject section */

/* Begin PBXResourcesBuildPhase section */
		420C51221F601CB2007F4989 /* Resources */ = {
			isa = PBXResourcesBuildPhase;
			buildActionMask = 2147483647;
			files = (
				420C51351F601CB2007F4989 /* LaunchScreen.storyboard in Resources */,
				420C51321F601CB2007F4989 /* Assets.xcassets in Resources */,
				420C512D1F601CB2007F4989 /* Main.storyboard in Resources */,
			);
			runOnlyForDeploymentPostprocessing = 0;
		};
/* End PBXResourcesBuildPhase section */

/* Begin PBXSourcesBuildPhase section */
		420C51201F601CB2007F4989 /* Sources */ = {
			isa = PBXSourcesBuildPhase;
			buildActionMask = 2147483647;
			files = (
				420C51301F601CB2007F4989 /* KEEP.xcdatamodeld in Sources */,
				420C512A1F601CB2007F4989 /* ViewController.swift in Sources */,
				420C51281F601CB2007F4989 /* AppDelegate.swift in Sources */,
			);
			runOnlyForDeploymentPostprocessing = 0;
		};
/* End PBXSourcesBuildPhase section */

/* Begin PBXVariantGroup section */
		420C512B1F601CB2007F4989 /* Main.storyboard */ = {
			isa = PBXVariantGroup;
			children = (
				420C512C1F601CB2007F4989 /* Base */,
			);
			name = Main.storyboard;
			sourceTree = "<group>";
		};
		420C51331F601CB2007F4989 /* LaunchScreen.storyboard */ = {
			isa = PBXVariantGroup;
			children = (
				420C51341F601CB2007F4989 /* Base */,
			);
			name = LaunchScreen.storyboard;
			sourceTree = "<group>";
		};
/* End PBXVariantGroup section */

/* Begin XCBuildConfiguration section */
		420C51371F601CB2007F4989 /* Debug */ = {
			isa = XCBuildConfiguration;
			buildSettings = {
				ALWAYS_SEARCH_USER_PATHS = NO;
				CLANG_ANALYZER_NONNULL = YES;
				CLANG_ANALYZER_NUMBER_OBJECT_CONVERSION = YES_AGGRESSIVE;
				CLANG_CXX_LANGUAGE_STANDARD = "gnu++0x";
				CLANG_CXX_LIBRARY = "libc++";
				CLANG_ENABLE_MODULES = YES;
				CLANG_ENABLE_OBJC_ARC = YES;
				CLANG_WARN_BOOL_CONVERSION = YES;
				CLANG_WARN_CONSTANT_CONVERSION = YES;
				CLANG_WARN_DIRECT_OBJC_ISA_USAGE = YES_ERROR;
				CLANG_WARN_DOCUMENTATION_COMMENTS = YES;
				CLANG_WARN_EMPTY_BODY = YES;
				CLANG_WARN_ENUM_CONVERSION = YES;
				CLANG_WARN_INFINITE_RECURSION = YES;
				CLANG_WARN_INT_CONVERSION = YES;
				CLANG_WARN_OBJC_ROOT_CLASS = YES_ERROR;
				CLANG_WARN_SUSPICIOUS_MOVE = YES;
				CLANG_WARN_UNREACHABLE_CODE = YES;
				CLANG_WARN__DUPLICATE_METHOD_MATCH = YES;
				"CODE_SIGN_IDENTITY[sdk=iphoneos*]" = "iPhone Developer";
				COPY_PHASE_STRIP = NO;
				DEBUG_INFORMATION_FORMAT = dwarf;
				ENABLE_STRICT_OBJC_MSGSEND = YES;
				ENABLE_TESTABILITY = YES;
				GCC_C_LANGUAGE_STANDARD = gnu99;
				GCC_DYNAMIC_NO_PIC = NO;
				GCC_NO_COMMON_BLOCKS = YES;
				GCC_OPTIMIZATION_LEVEL = 0;
				GCC_PREPROCESSOR_DEFINITIONS = (
					"DEBUG=1",
					"$(inherited)",
				);
				GCC_WARN_64_TO_32_BIT_CONVERSION = YES;
				GCC_WARN_ABOUT_RETURN_TYPE = YES_ERROR;
				GCC_WARN_UNDECLARED_SELECTOR = YES;
				GCC_WARN_UNINITIALIZED_AUTOS = YES_AGGRESSIVE;
				GCC_WARN_UNUSED_FUNCTION = YES;
				GCC_WARN_UNUSED_VARIABLE = YES;
				IPHONEOS_DEPLOYMENT_TARGET = 10.3;
				MTL_ENABLE_DEBUG_INFO = YES;
				ONLY_ACTIVE_ARCH = YES;
				SDKROOT = iphoneos;
				SWIFT_ACTIVE_COMPILATION_CONDITIONS = DEBUG;
				SWIFT_OPTIMIZATION_LEVEL = "-Onone";
				TARGETED_DEVICE_FAMILY = "1,2";
			};
			name = Debug;
		};
		420C51381F601CB2007F4989 /* Release */ = {
			isa = XCBuildConfiguration;
			buildSettings = {
				ALWAYS_SEARCH_USER_PATHS = NO;
				CLANG_ANALYZER_NONNULL = YES;
				CLANG_ANALYZER_NUMBER_OBJECT_CONVERSION = YES_AGGRESSIVE;
				CLANG_CXX_LANGUAGE_STANDARD = "gnu++0x";
				CLANG_CXX_LIBRARY = "libc++";
				CLANG_ENABLE_MODULES = YES;
				CLANG_ENABLE_OBJC_ARC = YES;
				CLANG_WARN_BOOL_CONVERSION = YES;
				CLANG_WARN_CONSTANT_CONVERSION = YES;
				CLANG_WARN_DIRECT_OBJC_ISA_USAGE = YES_ERROR;
				CLANG_WARN_DOCUMENTATION_COMMENTS = YES;
				CLANG_WARN_EMPTY_BODY = YES;
				CLANG_WARN_ENUM_CONVERSION = YES;
				CLANG_WARN_INFINITE_RECURSION = YES;
				CLANG_WARN_INT_CONVERSION = YES;
				CLANG_WARN_OBJC_ROOT_CLASS = YES_ERROR;
				CLANG_WARN_SUSPICIOUS_MOVE = YES;
				CLANG_WARN_UNREACHABLE_CODE = YES;
				CLANG_WARN__DUPLICATE_METHOD_MATCH = YES;
				"CODE_SIGN_IDENTITY[sdk=iphoneos*]" = "iPhone Developer";
				COPY_PHASE_STRIP = NO;
				DEBUG_INFORMATION_FORMAT = "dwarf-with-dsym";
				ENABLE_NS_ASSERTIONS = NO;
				ENABLE_STRICT_OBJC_MSGSEND = YES;
				GCC_C_LANGUAGE_STANDARD = gnu99;
				GCC_NO_COMMON_BLOCKS = YES;
				GCC_WARN_64_TO_32_BIT_CONVERSION = YES;
				GCC_WARN_ABOUT_RETURN_TYPE = YES_ERROR;
				GCC_WARN_UNDECLARED_SELECTOR = YES;
				GCC_WARN_UNINITIALIZED_AUTOS = YES_AGGRESSIVE;
				GCC_WARN_UNUSED_FUNCTION = YES;
				GCC_WARN_UNUSED_VARIABLE = YES;
				IPHONEOS_DEPLOYMENT_TARGET = 10.3;
				MTL_ENABLE_DEBUG_INFO = NO;
				SDKROOT = iphoneos;
				SWIFT_OPTIMIZATION_LEVEL = "-Owholemodule";
				TARGETED_DEVICE_FAMILY = "1,2";
				VALIDATE_PRODUCT = YES;
			};
			name = Release;
		};
		420C513A1F601CB2007F4989 /* Debug */ = {
			isa = XCBuildConfiguration;
			buildSettings = {
				ASSETCATALOG_COMPILER_APPICON_NAME = AppIcon;
				DEVELOPMENT_TEAM = TPS4P9TJH7;
				INFOPLIST_FILE = KEEP/Info.plist;
				LD_RUNPATH_SEARCH_PATHS = "$(inherited) @executable_path/Frameworks";
				PRODUCT_BUNDLE_IDENTIFIER = ios.KEEP;
				PRODUCT_NAME = "$(TARGET_NAME)";
				SWIFT_VERSION = 3.0;
			};
			name = Debug;
		};
		420C513B1F601CB2007F4989 /* Release */ = {
			isa = XCBuildConfiguration;
			buildSettings = {
				ASSETCATALOG_COMPILER_APPICON_NAME = AppIcon;
				DEVELOPMENT_TEAM = TPS4P9TJH7;
				INFOPLIST_FILE = KEEP/Info.plist;
				LD_RUNPATH_SEARCH_PATHS = "$(inherited) @executable_path/Frameworks";
				PRODUCT_BUNDLE_IDENTIFIER = ios.KEEP;
				PRODUCT_NAME = "$(TARGET_NAME)";
				SWIFT_VERSION = 3.0;
			};
			name = Release;
		};
/* End XCBuildConfiguration section */

/* Begin XCConfigurationList section */
		420C511F1F601CB2007F4989 /* Build configuration list for PBXProject "KEEP" */ = {
			isa = XCConfigurationList;
			buildConfigurations = (
				420C51371F601CB2007F4989 /* Debug */,
				420C51381F601CB2007F4989 /* Release */,
			);
			defaultConfigurationIsVisible = 0;
			defaultConfigurationName = Release;
		};
		420C51391F601CB2007F4989 /* Build configuration list for PBXNativeTarget "KEEP" */ = {
			isa = XCConfigurationList;
			buildConfigurations = (
				420C513A1F601CB2007F4989 /* Debug */,
				420C513B1F601CB2007F4989 /* Release */,
			);
			defaultConfigurationIsVisible = 0;
		};
/* End XCConfigurationList section */

/* Begin XCVersionGroup section */
		420C512E1F601CB2007F4989 /* KEEP.xcdatamodeld */ = {
			isa = XCVersionGroup;
			children = (
				420C512F1F601CB2007F4989 /* KEEP.xcdatamodel */,
			);
			currentVersion = 420C512F1F601CB2007F4989 /* KEEP.xcdatamodel */;
			path = KEEP.xcdatamodeld;
			sourceTree = "<group>";
			versionGroupType = wrapper.xcdatamodel;
		};
/* End XCVersionGroup section */
	};
	rootObject = 420C511C1F601CB2007F4989 /* Project object */;
}
