// !$*UTF8*$!
{
	archiveVersion = 1;
	classes = {
	};
	objectVersion = 48;
	objects = {

/* Begin PBXBuildFile section */
		62023F751F6A54B400DC81E4 /* RecordViewController.swift in Sources */ = {isa = PBXBuildFile; fileRef = 62023F741F6A54B400DC81E4 /* RecordViewController.swift */; };
		621951D11F93C55F00DCC1AA /* HistoryViewCell.swift in Sources */ = {isa = PBXBuildFile; fileRef = 621951D01F93C55F00DCC1AA /* HistoryViewCell.swift */; };
		621951D51F93D7F000DCC1AA /* Journal.swift in Sources */ = {isa = PBXBuildFile; fileRef = 621951D41F93D7F000DCC1AA /* Journal.swift */; };
		621951D91F93E13600DCC1AA /* HistoryTableViewController.swift in Sources */ = {isa = PBXBuildFile; fileRef = 621951D81F93E13600DCC1AA /* HistoryTableViewController.swift */; };
		621951DB1F941CC800DCC1AA /* DetailViewController.swift in Sources */ = {isa = PBXBuildFile; fileRef = 621951DA1F941CC800DCC1AA /* DetailViewController.swift */; };
		6249FBD71FA9E6E700B87BCA /* CameraViewController.swift in Sources */ = {isa = PBXBuildFile; fileRef = 6249FBD61FA9E6E700B87BCA /* CameraViewController.swift */; };
		62DDAFA11F695C17005AB61F /* AppDelegate.swift in Sources */ = {isa = PBXBuildFile; fileRef = 62DDAFA01F695C17005AB61F /* AppDelegate.swift */; };
		62DDAFA31F695C17005AB61F /* MapViewController.swift in Sources */ = {isa = PBXBuildFile; fileRef = 62DDAFA21F695C17005AB61F /* MapViewController.swift */; };
		62DDAFA81F695C17005AB61F /* Main.storyboard in Resources */ = {isa = PBXBuildFile; fileRef = 62DDAFA61F695C17005AB61F /* Main.storyboard */; };
		62DDAFAA1F695C17005AB61F /* Assets.xcassets in Resources */ = {isa = PBXBuildFile; fileRef = 62DDAFA91F695C17005AB61F /* Assets.xcassets */; };
		62DDAFAD1F695C17005AB61F /* LaunchScreen.storyboard in Resources */ = {isa = PBXBuildFile; fileRef = 62DDAFAB1F695C17005AB61F /* LaunchScreen.storyboard */; };
		62DDAFB91F695EBC005AB61F /* FriendsViewController.swift in Sources */ = {isa = PBXBuildFile; fileRef = 62DDAFB81F695EBC005AB61F /* FriendsViewController.swift */; };
		62DDAFBB1F696D6A005AB61F /* SettingsViewController.swift in Sources */ = {isa = PBXBuildFile; fileRef = 62DDAFBA1F696D6A005AB61F /* SettingsViewController.swift */; };
		62DE05ED1F8F86F0006E4D7F /* WriteViewController.swift in Sources */ = {isa = PBXBuildFile; fileRef = 62DE05EC1F8F86F0006E4D7F /* WriteViewController.swift */; };
		62F7A18A1F84FD5500CD8E46 /* AlbumViewController.swift in Sources */ = {isa = PBXBuildFile; fileRef = 62F7A1891F84FD5500CD8E46 /* AlbumViewController.swift */; };
/* End PBXBuildFile section */

/* Begin PBXFileReference section */
		62023F741F6A54B400DC81E4 /* RecordViewController.swift */ = {isa = PBXFileReference; lastKnownFileType = sourcecode.swift; path = RecordViewController.swift; sourceTree = "<group>"; };
		621951D01F93C55F00DCC1AA /* HistoryViewCell.swift */ = {isa = PBXFileReference; lastKnownFileType = sourcecode.swift; path = HistoryViewCell.swift; sourceTree = "<group>"; };
		621951D41F93D7F000DCC1AA /* Journal.swift */ = {isa = PBXFileReference; lastKnownFileType = sourcecode.swift; path = Journal.swift; sourceTree = "<group>"; };
		621951D81F93E13600DCC1AA /* HistoryTableViewController.swift */ = {isa = PBXFileReference; lastKnownFileType = sourcecode.swift; path = HistoryTableViewController.swift; sourceTree = "<group>"; };
		621951DA1F941CC800DCC1AA /* DetailViewController.swift */ = {isa = PBXFileReference; lastKnownFileType = sourcecode.swift; path = DetailViewController.swift; sourceTree = "<group>"; };
		6249FBD61FA9E6E700B87BCA /* CameraViewController.swift */ = {isa = PBXFileReference; lastKnownFileType = sourcecode.swift; path = CameraViewController.swift; sourceTree = "<group>"; };
		62DDAF9D1F695C17005AB61F /* memo.app */ = {isa = PBXFileReference; explicitFileType = wrapper.application; includeInIndex = 0; path = memo.app; sourceTree = BUILT_PRODUCTS_DIR; };
		62DDAFA01F695C17005AB61F /* AppDelegate.swift */ = {isa = PBXFileReference; lastKnownFileType = sourcecode.swift; path = AppDelegate.swift; sourceTree = "<group>"; };
		62DDAFA21F695C17005AB61F /* MapViewController.swift */ = {isa = PBXFileReference; lastKnownFileType = sourcecode.swift; path = MapViewController.swift; sourceTree = "<group>"; };
		62DDAFA71F695C17005AB61F /* Base */ = {isa = PBXFileReference; lastKnownFileType = file.storyboard; name = Base; path = Base.lproj/Main.storyboard; sourceTree = "<group>"; };
		62DDAFA91F695C17005AB61F /* Assets.xcassets */ = {isa = PBXFileReference; lastKnownFileType = folder.assetcatalog; path = Assets.xcassets; sourceTree = "<group>"; };
		62DDAFAC1F695C17005AB61F /* Base */ = {isa = PBXFileReference; lastKnownFileType = file.storyboard; name = Base; path = Base.lproj/LaunchScreen.storyboard; sourceTree = "<group>"; };
		62DDAFAE1F695C17005AB61F /* Info.plist */ = {isa = PBXFileReference; lastKnownFileType = text.plist.xml; path = Info.plist; sourceTree = "<group>"; };
		62DDAFB81F695EBC005AB61F /* FriendsViewController.swift */ = {isa = PBXFileReference; lastKnownFileType = sourcecode.swift; path = FriendsViewController.swift; sourceTree = "<group>"; };
		62DDAFBA1F696D6A005AB61F /* SettingsViewController.swift */ = {isa = PBXFileReference; lastKnownFileType = sourcecode.swift; path = SettingsViewController.swift; sourceTree = "<group>"; };
		62DE05EC1F8F86F0006E4D7F /* WriteViewController.swift */ = {isa = PBXFileReference; lastKnownFileType = sourcecode.swift; path = WriteViewController.swift; sourceTree = "<group>"; };
		62F7A1891F84FD5500CD8E46 /* AlbumViewController.swift */ = {isa = PBXFileReference; lastKnownFileType = sourcecode.swift; path = AlbumViewController.swift; sourceTree = "<group>"; };
/* End PBXFileReference section */

/* Begin PBXFrameworksBuildPhase section */
		62DDAF9A1F695C17005AB61F /* Frameworks */ = {
			isa = PBXFrameworksBuildPhase;
			buildActionMask = 2147483647;
			files = (
			);
			runOnlyForDeploymentPostprocessing = 0;
		};
/* End PBXFrameworksBuildPhase section */

/* Begin PBXGroup section */
		4216978E1F7679F7006CB18D /* Record */ = {
			isa = PBXGroup;
			children = (
				62F7A1891F84FD5500CD8E46 /* AlbumViewController.swift */,
				6249FBD61FA9E6E700B87BCA /* CameraViewController.swift */,
				62023F741F6A54B400DC81E4 /* RecordViewController.swift */,
				62DE05EC1F8F86F0006E4D7F /* WriteViewController.swift */,
			);
			path = Record;
			sourceTree = "<group>";
		};
		621951DC1F941CEC00DCC1AA /* History */ = {
			isa = PBXGroup;
			children = (
				621951D81F93E13600DCC1AA /* HistoryTableViewController.swift */,
				621951D01F93C55F00DCC1AA /* HistoryViewCell.swift */,
				621951DA1F941CC800DCC1AA /* DetailViewController.swift */,
			);
			path = History;
			sourceTree = "<group>";
		};
		62DDAF941F695C17005AB61F = {
			isa = PBXGroup;
			children = (
				62DDAF9F1F695C17005AB61F /* memo */,
				62DDAF9E1F695C17005AB61F /* Products */,
			);
			sourceTree = "<group>";
		};
		62DDAF9E1F695C17005AB61F /* Products */ = {
			isa = PBXGroup;
			children = (
				62DDAF9D1F695C17005AB61F /* memo.app */,
			);
			name = Products;
			sourceTree = "<group>";
		};
		62DDAF9F1F695C17005AB61F /* memo */ = {
			isa = PBXGroup;
			children = (
				4216978E1F7679F7006CB18D /* Record */,
				621951DC1F941CEC00DCC1AA /* History */,
				62DDAFA01F695C17005AB61F /* AppDelegate.swift */,
				62DDAFA21F695C17005AB61F /* MapViewController.swift */,
				62DDAFA61F695C17005AB61F /* Main.storyboard */,
				62DDAFA91F695C17005AB61F /* Assets.xcassets */,
				621951D41F93D7F000DCC1AA /* Journal.swift */,
				62DDAFAB1F695C17005AB61F /* LaunchScreen.storyboard */,
				62DDAFB81F695EBC005AB61F /* FriendsViewController.swift */,
				62DDAFAE1F695C17005AB61F /* Info.plist */,
				62DDAFBA1F696D6A005AB61F /* SettingsViewController.swift */,
			);
			path = memo;
			sourceTree = "<group>";
		};
/* End PBXGroup section */

/* Begin PBXNativeTarget section */
		62DDAF9C1F695C17005AB61F /* memo */ = {
			isa = PBXNativeTarget;
			buildConfigurationList = 62DDAFB11F695C17005AB61F /* Build configuration list for PBXNativeTarget "memo" */;
			buildPhases = (
				62DDAF991F695C17005AB61F /* Sources */,
				62DDAF9A1F695C17005AB61F /* Frameworks */,
				62DDAF9B1F695C17005AB61F /* Resources */,
			);
			buildRules = (
			);
			dependencies = (
			);
			name = memo;
			productName = memo;
			productReference = 62DDAF9D1F695C17005AB61F /* memo.app */;
			productType = "com.apple.product-type.application";
		};
/* End PBXNativeTarget section */

/* Begin PBXProject section */
		62DDAF951F695C17005AB61F /* Project object */ = {
			isa = PBXProject;
			attributes = {
				LastSwiftUpdateCheck = 0900;
				LastUpgradeCheck = 0900;
				ORGANIZATIONNAME = "이효중";
				TargetAttributes = {
					62DDAF9C1F695C17005AB61F = {
						CreatedOnToolsVersion = 9.0;
						LastSwiftMigration = 0900;
						ProvisioningStyle = Automatic;
					};
				};
			};
			buildConfigurationList = 62DDAF981F695C17005AB61F /* Build configuration list for PBXProject "memo" */;
			compatibilityVersion = "Xcode 8.0";
			developmentRegion = en;
			hasScannedForEncodings = 0;
			knownRegions = (
				en,
				Base,
			);
			mainGroup = 62DDAF941F695C17005AB61F;
			productRefGroup = 62DDAF9E1F695C17005AB61F /* Products */;
			projectDirPath = "";
			projectRoot = "";
			targets = (
				62DDAF9C1F695C17005AB61F /* memo */,
			);
		};
/* End PBXProject section */

/* Begin PBXResourcesBuildPhase section */
		62DDAF9B1F695C17005AB61F /* Resources */ = {
			isa = PBXResourcesBuildPhase;
			buildActionMask = 2147483647;
			files = (
				62DDAFAD1F695C17005AB61F /* LaunchScreen.storyboard in Resources */,
				62DDAFAA1F695C17005AB61F /* Assets.xcassets in Resources */,
				62DDAFA81F695C17005AB61F /* Main.storyboard in Resources */,
			);
			runOnlyForDeploymentPostprocessing = 0;
		};
/* End PBXResourcesBuildPhase section */

/* Begin PBXSourcesBuildPhase section */
		62DDAF991F695C17005AB61F /* Sources */ = {
			isa = PBXSourcesBuildPhase;
			buildActionMask = 2147483647;
			files = (
				62DE05ED1F8F86F0006E4D7F /* WriteViewController.swift in Sources */,
				62DDAFA11F695C17005AB61F /* AppDelegate.swift in Sources */,
				62DDAFB91F695EBC005AB61F /* FriendsViewController.swift in Sources */,
				621951DB1F941CC800DCC1AA /* DetailViewController.swift in Sources */,
				62023F751F6A54B400DC81E4 /* RecordViewController.swift in Sources */,
				6249FBD71FA9E6E700B87BCA /* CameraViewController.swift in Sources */,
				62F7A18A1F84FD5500CD8E46 /* AlbumViewController.swift in Sources */,
				621951D51F93D7F000DCC1AA /* Journal.swift in Sources */,
				621951D91F93E13600DCC1AA /* HistoryTableViewController.swift in Sources */,
				62DDAFBB1F696D6A005AB61F /* SettingsViewController.swift in Sources */,
				62DDAFA31F695C17005AB61F /* MapViewController.swift in Sources */,
				621951D11F93C55F00DCC1AA /* HistoryViewCell.swift in Sources */,
			);
			runOnlyForDeploymentPostprocessing = 0;
		};
/* End PBXSourcesBuildPhase section */

/* Begin PBXVariantGroup section */
		62DDAFA61F695C17005AB61F /* Main.storyboard */ = {
			isa = PBXVariantGroup;
			children = (
				62DDAFA71F695C17005AB61F /* Base */,
			);
			name = Main.storyboard;
			sourceTree = "<group>";
		};
		62DDAFAB1F695C17005AB61F /* LaunchScreen.storyboard */ = {
			isa = PBXVariantGroup;
			children = (
				62DDAFAC1F695C17005AB61F /* Base */,
			);
			name = LaunchScreen.storyboard;
			sourceTree = "<group>";
		};
/* End PBXVariantGroup section */

/* Begin XCBuildConfiguration section */
		62DDAFAF1F695C17005AB61F /* Debug */ = {
			isa = XCBuildConfiguration;
			buildSettings = {
				ALWAYS_SEARCH_USER_PATHS = NO;
				CLANG_ANALYZER_NONNULL = YES;
				CLANG_ANALYZER_NUMBER_OBJECT_CONVERSION = YES_AGGRESSIVE;
				CLANG_CXX_LANGUAGE_STANDARD = "gnu++14";
				CLANG_CXX_LIBRARY = "libc++";
				CLANG_ENABLE_MODULES = YES;
				CLANG_ENABLE_OBJC_ARC = YES;
				CLANG_WARN_BLOCK_CAPTURE_AUTORELEASING = YES;
				CLANG_WARN_BOOL_CONVERSION = YES;
				CLANG_WARN_COMMA = YES;
				CLANG_WARN_CONSTANT_CONVERSION = YES;
				CLANG_WARN_DIRECT_OBJC_ISA_USAGE = YES_ERROR;
				CLANG_WARN_DOCUMENTATION_COMMENTS = YES;
				CLANG_WARN_EMPTY_BODY = YES;
				CLANG_WARN_ENUM_CONVERSION = YES;
				CLANG_WARN_INFINITE_RECURSION = YES;
				CLANG_WARN_INT_CONVERSION = YES;
				CLANG_WARN_NON_LITERAL_NULL_CONVERSION = YES;
				CLANG_WARN_OBJC_LITERAL_CONVERSION = YES;
				CLANG_WARN_OBJC_ROOT_CLASS = YES_ERROR;
				CLANG_WARN_RANGE_LOOP_ANALYSIS = YES;
				CLANG_WARN_STRICT_PROTOTYPES = YES;
				CLANG_WARN_SUSPICIOUS_MOVE = YES;
				CLANG_WARN_UNGUARDED_AVAILABILITY = YES_AGGRESSIVE;
				CLANG_WARN_UNREACHABLE_CODE = YES;
				CLANG_WARN__DUPLICATE_METHOD_MATCH = YES;
				CODE_SIGN_IDENTITY = "iPhone Developer";
				COPY_PHASE_STRIP = NO;
				DEBUG_INFORMATION_FORMAT = dwarf;
				ENABLE_STRICT_OBJC_MSGSEND = YES;
				ENABLE_TESTABILITY = YES;
				GCC_C_LANGUAGE_STANDARD = gnu11;
				GCC_DYNAMIC_NO_PIC = NO;
				GCC_NO_COMMON_BLOCKS = YES;
				GCC_OPTIMIZATION_LEVEL = 0;
				GCC_PREPROCESSOR_DEFINITIONS = (
					"DEBUG=1",
					"$(inherited)",
				);
				GCC_WARN_64_TO_32_BIT_CONVERSION = YES;
				GCC_WARN_ABOUT_RETURN_TYPE = YES_ERROR;
				GCC_WARN_UNDECLARED_SELECTOR = YES;
				GCC_WARN_UNINITIALIZED_AUTOS = YES_AGGRESSIVE;
				GCC_WARN_UNUSED_FUNCTION = YES;
				GCC_WARN_UNUSED_VARIABLE = YES;
				IPHONEOS_DEPLOYMENT_TARGET = 11.0;
				MTL_ENABLE_DEBUG_INFO = YES;
				ONLY_ACTIVE_ARCH = YES;
				SDKROOT = iphoneos;
				SWIFT_ACTIVE_COMPILATION_CONDITIONS = DEBUG;
				SWIFT_OPTIMIZATION_LEVEL = "-Onone";
			};
			name = Debug;
		};
		62DDAFB01F695C17005AB61F /* Release */ = {
			isa = XCBuildConfiguration;
			buildSettings = {
				ALWAYS_SEARCH_USER_PATHS = NO;
				CLANG_ANALYZER_NONNULL = YES;
				CLANG_ANALYZER_NUMBER_OBJECT_CONVERSION = YES_AGGRESSIVE;
				CLANG_CXX_LANGUAGE_STANDARD = "gnu++14";
				CLANG_CXX_LIBRARY = "libc++";
				CLANG_ENABLE_MODULES = YES;
				CLANG_ENABLE_OBJC_ARC = YES;
				CLANG_WARN_BLOCK_CAPTURE_AUTORELEASING = YES;
				CLANG_WARN_BOOL_CONVERSION = YES;
				CLANG_WARN_COMMA = YES;
				CLANG_WARN_CONSTANT_CONVERSION = YES;
				CLANG_WARN_DIRECT_OBJC_ISA_USAGE = YES_ERROR;
				CLANG_WARN_DOCUMENTATION_COMMENTS = YES;
				CLANG_WARN_EMPTY_BODY = YES;
				CLANG_WARN_ENUM_CONVERSION = YES;
				CLANG_WARN_INFINITE_RECURSION = YES;
				CLANG_WARN_INT_CONVERSION = YES;
				CLANG_WARN_NON_LITERAL_NULL_CONVERSION = YES;
				CLANG_WARN_OBJC_LITERAL_CONVERSION = YES;
				CLANG_WARN_OBJC_ROOT_CLASS = YES_ERROR;
				CLANG_WARN_RANGE_LOOP_ANALYSIS = YES;
				CLANG_WARN_STRICT_PROTOTYPES = YES;
				CLANG_WARN_SUSPICIOUS_MOVE = YES;
				CLANG_WARN_UNGUARDED_AVAILABILITY = YES_AGGRESSIVE;
				CLANG_WARN_UNREACHABLE_CODE = YES;
				CLANG_WARN__DUPLICATE_METHOD_MATCH = YES;
				CODE_SIGN_IDENTITY = "iPhone Developer";
				COPY_PHASE_STRIP = NO;
				DEBUG_INFORMATION_FORMAT = "dwarf-with-dsym";
				ENABLE_NS_ASSERTIONS = NO;
				ENABLE_STRICT_OBJC_MSGSEND = YES;
				GCC_C_LANGUAGE_STANDARD = gnu11;
				GCC_NO_COMMON_BLOCKS = YES;
				GCC_WARN_64_TO_32_BIT_CONVERSION = YES;
				GCC_WARN_ABOUT_RETURN_TYPE = YES_ERROR;
				GCC_WARN_UNDECLARED_SELECTOR = YES;
				GCC_WARN_UNINITIALIZED_AUTOS = YES_AGGRESSIVE;
				GCC_WARN_UNUSED_FUNCTION = YES;
				GCC_WARN_UNUSED_VARIABLE = YES;
				IPHONEOS_DEPLOYMENT_TARGET = 11.0;
				MTL_ENABLE_DEBUG_INFO = NO;
				SDKROOT = iphoneos;
				SWIFT_OPTIMIZATION_LEVEL = "-Owholemodule";
				VALIDATE_PRODUCT = YES;
			};
			name = Release;
		};
		62DDAFB21F695C17005AB61F /* Debug */ = {
			isa = XCBuildConfiguration;
			buildSettings = {
				ASSETCATALOG_COMPILER_APPICON_NAME = AppIcon;
				CODE_SIGN_STYLE = Automatic;
				DEVELOPMENT_TEAM = QYM7BRDYY3;
				INFOPLIST_FILE = memo/Info.plist;
				IPHONEOS_DEPLOYMENT_TARGET = 10.0;
				LD_RUNPATH_SEARCH_PATHS = "$(inherited) @executable_path/Frameworks";
				PRODUCT_BUNDLE_IDENTIFIER = com.hyojung.memoApp;
				PRODUCT_NAME = "$(TARGET_NAME)";
				SWIFT_SWIFT3_OBJC_INFERENCE = On;
				SWIFT_VERSION = 4.0;
				TARGETED_DEVICE_FAMILY = "1,2";
			};
			name = Debug;
		};
		62DDAFB31F695C17005AB61F /* Release */ = {
			isa = XCBuildConfiguration;
			buildSettings = {
				ASSETCATALOG_COMPILER_APPICON_NAME = AppIcon;
				CODE_SIGN_STYLE = Automatic;
				DEVELOPMENT_TEAM = QYM7BRDYY3;
				INFOPLIST_FILE = memo/Info.plist;
				IPHONEOS_DEPLOYMENT_TARGET = 10.0;
				LD_RUNPATH_SEARCH_PATHS = "$(inherited) @executable_path/Frameworks";
				PRODUCT_BUNDLE_IDENTIFIER = com.hyojung.memoApp;
				PRODUCT_NAME = "$(TARGET_NAME)";
				SWIFT_SWIFT3_OBJC_INFERENCE = On;
				SWIFT_VERSION = 4.0;
				TARGETED_DEVICE_FAMILY = "1,2";
			};
			name = Release;
		};
/* End XCBuildConfiguration section */

/* Begin XCConfigurationList section */
		62DDAF981F695C17005AB61F /* Build configuration list for PBXProject "memo" */ = {
			isa = XCConfigurationList;
			buildConfigurations = (
				62DDAFAF1F695C17005AB61F /* Debug */,
				62DDAFB01F695C17005AB61F /* Release */,
			);
			defaultConfigurationIsVisible = 0;
			defaultConfigurationName = Release;
		};
		62DDAFB11F695C17005AB61F /* Build configuration list for PBXNativeTarget "memo" */ = {
			isa = XCConfigurationList;
			buildConfigurations = (
				62DDAFB21F695C17005AB61F /* Debug */,
				62DDAFB31F695C17005AB61F /* Release */,
			);
			defaultConfigurationIsVisible = 0;
			defaultConfigurationName = Release;
		};
/* End XCConfigurationList section */
	};
	rootObject = 62DDAF951F695C17005AB61F /* Project object */;
}
