// !$*UTF8*$!
{
	archiveVersion = 1;
	classes = {
	};
	objectVersion = 46;
	objects = {

/* Begin PBXBuildFile section */
		663EA7C21BEF1B6900B42468 /* AppDelegate.swift in Sources */ = {isa = PBXBuildFile; fileRef = 663EA7C11BEF1B6900B42468 /* AppDelegate.swift */; };
		663EA7C41BEF1B6900B42468 /* ViewController.swift in Sources */ = {isa = PBXBuildFile; fileRef = 663EA7C31BEF1B6900B42468 /* ViewController.swift */; };
		663EA7C71BEF1B6900B42468 /* Main.storyboard in Resources */ = {isa = PBXBuildFile; fileRef = 663EA7C51BEF1B6900B42468 /* Main.storyboard */; };
		663EA7C91BEF1B6900B42468 /* Assets.xcassets in Resources */ = {isa = PBXBuildFile; fileRef = 663EA7C81BEF1B6900B42468 /* Assets.xcassets */; };
		663EA7CC1BEF1B6900B42468 /* LaunchScreen.storyboard in Resources */ = {isa = PBXBuildFile; fileRef = 663EA7CA1BEF1B6900B42468 /* LaunchScreen.storyboard */; };
/* End PBXBuildFile section */

/* Begin PBXFileReference section */
		663EA7BE1BEF1B6900B42468 /* MiniBrowser.app */ = {isa = PBXFileReference; explicitFileType = wrapper.application; includeInIndex = 0; path = MiniBrowser.app; sourceTree = BUILT_PRODUCTS_DIR; };
		663EA7C11BEF1B6900B42468 /* AppDelegate.swift */ = {isa = PBXFileReference; lastKnownFileType = sourcecode.swift; path = AppDelegate.swift; sourceTree = "<group>"; };
		663EA7C31BEF1B6900B42468 /* ViewController.swift */ = {isa = PBXFileReference; lastKnownFileType = sourcecode.swift; path = ViewController.swift; sourceTree = "<group>"; };
		663EA7C61BEF1B6900B42468 /* Base */ = {isa = PBXFileReference; lastKnownFileType = file.storyboard; name = Base; path = Base.lproj/Main.storyboard; sourceTree = "<group>"; };
		663EA7C81BEF1B6900B42468 /* Assets.xcassets */ = {isa = PBXFileReference; lastKnownFileType = folder.assetcatalog; path = Assets.xcassets; sourceTree = "<group>"; };
		663EA7CB1BEF1B6900B42468 /* Base */ = {isa = PBXFileReference; lastKnownFileType = file.storyboard; name = Base; path = Base.lproj/LaunchScreen.storyboard; sourceTree = "<group>"; };
		663EA7CD1BEF1B6900B42468 /* Info.plist */ = {isa = PBXFileReference; lastKnownFileType = text.plist.xml; path = Info.plist; sourceTree = "<group>"; };
/* End PBXFileReference section */

/* Begin PBXFrameworksBuildPhase section */
		663EA7BB1BEF1B6900B42468 /* Frameworks */ = {
			isa = PBXFrameworksBuildPhase;
			buildActionMask = 2147483647;
			files = (
			);
			runOnlyForDeploymentPostprocessing = 0;
		};
/* End PBXFrameworksBuildPhase section */

/* Begin PBXGroup section */
		663EA7B51BEF1B6900B42468 = {
			isa = PBXGroup;
			children = (
				663EA7C01BEF1B6900B42468 /* MiniBrowser */,
				663EA7BF1BEF1B6900B42468 /* Products */,
			);
			sourceTree = "<group>";
		};
		663EA7BF1BEF1B6900B42468 /* Products */ = {
			isa = PBXGroup;
			children = (
				663EA7BE1BEF1B6900B42468 /* MiniBrowser.app */,
			);
			name = Products;
			sourceTree = "<group>";
		};
		663EA7C01BEF1B6900B42468 /* MiniBrowser */ = {
			isa = PBXGroup;
			children = (
				663EA7C11BEF1B6900B42468 /* AppDelegate.swift */,
				663EA7C31BEF1B6900B42468 /* ViewController.swift */,
				663EA7C51BEF1B6900B42468 /* Main.storyboard */,
				663EA7C81BEF1B6900B42468 /* Assets.xcassets */,
				663EA7CA1BEF1B6900B42468 /* LaunchScreen.storyboard */,
				663EA7CD1BEF1B6900B42468 /* Info.plist */,
			);
			path = MiniBrowser;
			sourceTree = "<group>";
		};
/* End PBXGroup section */

/* Begin PBXNativeTarget section */
		663EA7BD1BEF1B6900B42468 /* MiniBrowser */ = {
			isa = PBXNativeTarget;
			buildConfigurationList = 663EA7D01BEF1B6900B42468 /* Build configuration list for PBXNativeTarget "MiniBrowser" */;
			buildPhases = (
				663EA7BA1BEF1B6900B42468 /* Sources */,
				663EA7BB1BEF1B6900B42468 /* Frameworks */,
				663EA7BC1BEF1B6900B42468 /* Resources */,
			);
			buildRules = (
			);
			dependencies = (
			);
			name = MiniBrowser;
			productName = MiniBrowser;
			productReference = 663EA7BE1BEF1B6900B42468 /* MiniBrowser.app */;
			productType = "com.apple.product-type.application";
		};
/* End PBXNativeTarget section */

/* Begin PBXProject section */
		663EA7B61BEF1B6900B42468 /* Project object */ = {
			isa = PBXProject;
			attributes = {
				LastSwiftUpdateCheck = 0710;
				LastUpgradeCheck = 0710;
				ORGANIZATIONNAME = appstamp;
				TargetAttributes = {
					663EA7BD1BEF1B6900B42468 = {
						CreatedOnToolsVersion = 7.1;
						DevelopmentTeam = TPS4P9TJH7;
						LastSwiftMigration = 0820;
						ProvisioningStyle = Automatic;
					};
				};
			};
			buildConfigurationList = 663EA7B91BEF1B6900B42468 /* Build configuration list for PBXProject "MiniBrowser" */;
			compatibilityVersion = "Xcode 3.2";
			developmentRegion = English;
			hasScannedForEncodings = 0;
			knownRegions = (
				en,
				Base,
			);
			mainGroup = 663EA7B51BEF1B6900B42468;
			productRefGroup = 663EA7BF1BEF1B6900B42468 /* Products */;
			projectDirPath = "";
			projectRoot = "";
			targets = (
				663EA7BD1BEF1B6900B42468 /* MiniBrowser */,
			);
		};
/* End PBXProject section */

/* Begin PBXResourcesBuildPhase section */
		663EA7BC1BEF1B6900B42468 /* Resources */ = {
			isa = PBXResourcesBuildPhase;
			buildActionMask = 2147483647;
			files = (
				663EA7CC1BEF1B6900B42468 /* LaunchScreen.storyboard in Resources */,
				663EA7C91BEF1B6900B42468 /* Assets.xcassets in Resources */,
				663EA7C71BEF1B6900B42468 /* Main.storyboard in Resources */,
			);
			runOnlyForDeploymentPostprocessing = 0;
		};
/* End PBXResourcesBuildPhase section */

/* Begin PBXSourcesBuildPhase section */
		663EA7BA1BEF1B6900B42468 /* Sources */ = {
			isa = PBXSourcesBuildPhase;
			buildActionMask = 2147483647;
			files = (
				663EA7C41BEF1B6900B42468 /* ViewController.swift in Sources */,
				663EA7C21BEF1B6900B42468 /* AppDelegate.swift in Sources */,
			);
			runOnlyForDeploymentPostprocessing = 0;
		};
/* End PBXSourcesBuildPhase section */

/* Begin PBXVariantGroup section */
		663EA7C51BEF1B6900B42468 /* Main.storyboard */ = {
			isa = PBXVariantGroup;
			children = (
				663EA7C61BEF1B6900B42468 /* Base */,
			);
			name = Main.storyboard;
			sourceTree = "<group>";
		};
		663EA7CA1BEF1B6900B42468 /* LaunchScreen.storyboard */ = {
			isa = PBXVariantGroup;
			children = (
				663EA7CB1BEF1B6900B42468 /* Base */,
			);
			name = LaunchScreen.storyboard;
			sourceTree = "<group>";
		};
/* End PBXVariantGroup section */

/* Begin XCBuildConfiguration section */
		663EA7CE1BEF1B6900B42468 /* Debug */ = {
			isa = XCBuildConfiguration;
			buildSettings = {
				ALWAYS_SEARCH_USER_PATHS = NO;
				CLANG_CXX_LANGUAGE_STANDARD = "gnu++0x";
				CLANG_CXX_LIBRARY = "libc++";
				CLANG_ENABLE_MODULES = YES;
				CLANG_ENABLE_OBJC_ARC = YES;
				CLANG_WARN_BOOL_CONVERSION = YES;
				CLANG_WARN_CONSTANT_CONVERSION = YES;
				CLANG_WARN_DIRECT_OBJC_ISA_USAGE = YES_ERROR;
				CLANG_WARN_EMPTY_BODY = YES;
				CLANG_WARN_ENUM_CONVERSION = YES;
				CLANG_WARN_INT_CONVERSION = YES;
				CLANG_WARN_OBJC_ROOT_CLASS = YES_ERROR;
				CLANG_WARN_UNREACHABLE_CODE = YES;
				CLANG_WARN__DUPLICATE_METHOD_MATCH = YES;
				"CODE_SIGN_IDENTITY[sdk=iphoneos*]" = "iPhone Developer";
				COPY_PHASE_STRIP = NO;
				DEBUG_INFORMATION_FORMAT = dwarf;
				ENABLE_STRICT_OBJC_MSGSEND = YES;
				ENABLE_TESTABILITY = YES;
				GCC_C_LANGUAGE_STANDARD = gnu99;
				GCC_DYNAMIC_NO_PIC = NO;
				GCC_NO_COMMON_BLOCKS = YES;
				GCC_OPTIMIZATION_LEVEL = 0;
				GCC_PREPROCESSOR_DEFINITIONS = (
					"DEBUG=1",
					"$(inherited)",
				);
				GCC_WARN_64_TO_32_BIT_CONVERSION = YES;
				GCC_WARN_ABOUT_RETURN_TYPE = YES_ERROR;
				GCC_WARN_UNDECLARED_SELECTOR = YES;
				GCC_WARN_UNINITIALIZED_AUTOS = YES_AGGRESSIVE;
				GCC_WARN_UNUSED_FUNCTION = YES;
				GCC_WARN_UNUSED_VARIABLE = YES;
				IPHONEOS_DEPLOYMENT_TARGET = 9.1;
				MTL_ENABLE_DEBUG_INFO = YES;
				ONLY_ACTIVE_ARCH = YES;
				SDKROOT = iphoneos;
				SWIFT_OPTIMIZATION_LEVEL = "-Onone";
			};
			name = Debug;
		};
		663EA7CF1BEF1B6900B42468 /* Release */ = {
			isa = XCBuildConfiguration;
			buildSettings = {
				ALWAYS_SEARCH_USER_PATHS = NO;
				CLANG_CXX_LANGUAGE_STANDARD = "gnu++0x";
				CLANG_CXX_LIBRARY = "libc++";
				CLANG_ENABLE_MODULES = YES;
				CLANG_ENABLE_OBJC_ARC = YES;
				CLANG_WARN_BOOL_CONVERSION = YES;
				CLANG_WARN_CONSTANT_CONVERSION = YES;
				CLANG_WARN_DIRECT_OBJC_ISA_USAGE = YES_ERROR;
				CLANG_WARN_EMPTY_BODY = YES;
				CLANG_WARN_ENUM_CONVERSION = YES;
				CLANG_WARN_INT_CONVERSION = YES;
				CLANG_WARN_OBJC_ROOT_CLASS = YES_ERROR;
				CLANG_WARN_UNREACHABLE_CODE = YES;
				CLANG_WARN__DUPLICATE_METHOD_MATCH = YES;
				"CODE_SIGN_IDENTITY[sdk=iphoneos*]" = "iPhone Developer";
				COPY_PHASE_STRIP = NO;
				DEBUG_INFORMATION_FORMAT = "dwarf-with-dsym";
				ENABLE_NS_ASSERTIONS = NO;
				ENABLE_STRICT_OBJC_MSGSEND = YES;
				GCC_C_LANGUAGE_STANDARD = gnu99;
				GCC_NO_COMMON_BLOCKS = YES;
				GCC_WARN_64_TO_32_BIT_CONVERSION = YES;
				GCC_WARN_ABOUT_RETURN_TYPE = YES_ERROR;
				GCC_WARN_UNDECLARED_SELECTOR = YES;
				GCC_WARN_UNINITIALIZED_AUTOS = YES_AGGRESSIVE;
				GCC_WARN_UNUSED_FUNCTION = YES;
				GCC_WARN_UNUSED_VARIABLE = YES;
				IPHONEOS_DEPLOYMENT_TARGET = 9.1;
				MTL_ENABLE_DEBUG_INFO = NO;
				SDKROOT = iphoneos;
				VALIDATE_PRODUCT = YES;
			};
			name = Release;
		};
		663EA7D11BEF1B6900B42468 /* Debug */ = {
			isa = XCBuildConfiguration;
			buildSettings = {
				ASSETCATALOG_COMPILER_APPICON_NAME = AppIcon;
				"CODE_SIGN_IDENTITY[sdk=iphoneos*]" = "iPhone Developer";
				DEVELOPMENT_TEAM = TPS4P9TJH7;
				INFOPLIST_FILE = MiniBrowser/Info.plist;
				IPHONEOS_DEPLOYMENT_TARGET = 9.0;
				LD_RUNPATH_SEARCH_PATHS = "$(inherited) @executable_path/Frameworks";
				PRODUCT_BUNDLE_IDENTIFIER = com.appstamp.MiniBrowser;
				PRODUCT_NAME = "$(TARGET_NAME)";
				SWIFT_VERSION = 3.0;
			};
			name = Debug;
		};
		663EA7D21BEF1B6900B42468 /* Release */ = {
			isa = XCBuildConfiguration;
			buildSettings = {
				ASSETCATALOG_COMPILER_APPICON_NAME = AppIcon;
				"CODE_SIGN_IDENTITY[sdk=iphoneos*]" = "iPhone Developer";
				DEVELOPMENT_TEAM = TPS4P9TJH7;
				INFOPLIST_FILE = MiniBrowser/Info.plist;
				IPHONEOS_DEPLOYMENT_TARGET = 9.0;
				LD_RUNPATH_SEARCH_PATHS = "$(inherited) @executable_path/Frameworks";
				PRODUCT_BUNDLE_IDENTIFIER = com.appstamp.MiniBrowser;
				PRODUCT_NAME = "$(TARGET_NAME)";
				SWIFT_VERSION = 3.0;
			};
			name = Release;
		};
/* End XCBuildConfiguration section */

/* Begin XCConfigurationList section */
		663EA7B91BEF1B6900B42468 /* Build configuration list for PBXProject "MiniBrowser" */ = {
			isa = XCConfigurationList;
			buildConfigurations = (
				663EA7CE1BEF1B6900B42468 /* Debug */,
				663EA7CF1BEF1B6900B42468 /* Release */,
			);
			defaultConfigurationIsVisible = 0;
			defaultConfigurationName = Release;
		};
		663EA7D01BEF1B6900B42468 /* Build configuration list for PBXNativeTarget "MiniBrowser" */ = {
			isa = XCConfigurationList;
			buildConfigurations = (
				663EA7D11BEF1B6900B42468 /* Debug */,
				663EA7D21BEF1B6900B42468 /* Release */,
			);
			defaultConfigurationIsVisible = 0;
			defaultConfigurationName = Release;
		};
/* End XCConfigurationList section */
	};
	rootObject = 663EA7B61BEF1B6900B42468 /* Project object */;
}
